
Microsoft Visual Studio Solution File, Format Version 12.00
# Visual Studio Version 16
VisualStudioVersion = 16.0.31424.327
MinimumVisualStudioVersion = 10.0.40219.1
Project("{FAE04EC0-301F-11D3-BF4B-00C04F79EFBC}") = "SMS_API", "SMS_API.csproj", "{2346622E-83B2-437D-A960-3F69C94EDDD9}"
EndProject
Global
	GlobalSection(SolutionConfigurationPlatforms) = preSolution
		Debug|Any CPU = Debug|Any CPU
		Release|Any CPU = Release|Any CPU
	EndGlobalSection
	GlobalSection(ProjectConfigurationPlatforms) = postSolution
		{2346622E-83B2-437D-A960-3F69C94EDDD9}.Debug|Any CPU.ActiveCfg = Debug|Any CPU
		{2346622E-83B2-437D-A960-3F69C94EDDD9}.Debug|Any CPU.Build.0 = Debug|Any CPU
		{2346622E-83B2-437D-A960-3F69C94EDDD9}.Release|Any CPU.ActiveCfg = Release|Any CPU
		{2346622E-83B2-437D-A960-3F69C94EDDD9}.Release|Any CPU.Build.0 = Release|Any CPU
	EndGlobalSection
	GlobalSection(SolutionProperties) = preSolution
		HideSolutionNode = FALSE
	EndGlobalSection
	GlobalSection(ExtensibilityGlobals) = postSolution
		SolutionGuid = {FB7287F1-46BB-4AE5-BD65-2C9AD1995329}
	EndGlobalSection
EndGlobal
